
Microsoft Visual Studio Solution File, Format Version 12.00
# Visual Studio Version 17
VisualStudioVersion = 17.14.36327.8 d17.14
MinimumVisualStudioVersion = 10.0.40219.1
Project("{FAE04EC0-301F-11D3-BF4B-00C04F79EFBC}") = "Reisid ASP.NET", "Reisid ASP.NET\Reisid ASP.NET.csproj", "{A61BD98B-580C-4164-890F-074A938D402F}"
EndProject
Global
	GlobalSection(SolutionConfigurationPlatforms) = preSolution
		Debug|Any CPU = Debug|Any CPU
		Release|Any CPU = Release|Any CPU
	EndGlobalSection
	GlobalSection(ProjectConfigurationPlatforms) = postSolution
		{A61BD98B-580C-4164-890F-074A938D402F}.Debug|Any CPU.ActiveCfg = Debug|Any CPU
		{A61BD98B-580C-4164-890F-074A938D402F}.Debug|Any CPU.Build.0 = Debug|Any CPU
		{A61BD98B-580C-4164-890F-074A938D402F}.Release|Any CPU.ActiveCfg = Release|Any CPU
		{A61BD98B-580C-4164-890F-074A938D402F}.Release|Any CPU.Build.0 = Release|Any CPU
	EndGlobalSection
	GlobalSection(SolutionProperties) = preSolution
		HideSolutionNode = FALSE
	EndGlobalSection
	GlobalSection(ExtensibilityGlobals) = postSolution
		SolutionGuid = {962FA8E4-894A-466E-9AC8-25580B58C1CD}
	EndGlobalSection
EndGlobal
